// !$*UTF8*$!
{
	archiveVersion = 1;
	classes = {
	};
	objectVersion = 51;
	objects = {

/* Begin PBXBuildFile section */
		A45CB3BE0E1990BB09AAEC65 /* Pods_DrinkWater.framework in Frameworks */ = {isa = PBXBuildFile; fileRef = E01E3D0FF2F3BCBF1D0DC1F0 /* Pods_DrinkWater.framework */; };
		CE0E5F8224EEFFD50072C64F /* NotificationViewController.swift in Sources */ = {isa = PBXBuildFile; fileRef = CE0E5F8124EEFFD50072C64F /* NotificationViewController.swift */; };
		CE0E5F8424EF1D5C0072C64F /* UIView+Layout.swift in Sources */ = {isa = PBXBuildFile; fileRef = CE0E5F8324EF1D5C0072C64F /* UIView+Layout.swift */; };
		CE0E5F8624EF24EA0072C64F /* TimeCell.swift in Sources */ = {isa = PBXBuildFile; fileRef = CE0E5F8524EF24EA0072C64F /* TimeCell.swift */; };
		CE0E5F8824EF25440072C64F /* TimeCell.xib in Resources */ = {isa = PBXBuildFile; fileRef = CE0E5F8724EF25440072C64F /* TimeCell.xib */; };
		CE3B9BA023973177006C4BD7 /* AppDelegate.swift in Sources */ = {isa = PBXBuildFile; fileRef = CE3B9B9F23973177006C4BD7 /* AppDelegate.swift */; };
		CE3B9BA223973177006C4BD7 /* SceneDelegate.swift in Sources */ = {isa = PBXBuildFile; fileRef = CE3B9BA123973177006C4BD7 /* SceneDelegate.swift */; };
		CE3B9BA723973177006C4BD7 /* Main.storyboard in Resources */ = {isa = PBXBuildFile; fileRef = CE3B9BA523973177006C4BD7 /* Main.storyboard */; };
		CE3B9BA92397317D006C4BD7 /* Assets.xcassets in Resources */ = {isa = PBXBuildFile; fileRef = CE3B9BA82397317D006C4BD7 /* Assets.xcassets */; };
		CE3B9BAC2397317D006C4BD7 /* LaunchScreen.storyboard in Resources */ = {isa = PBXBuildFile; fileRef = CE3B9BAA2397317D006C4BD7 /* LaunchScreen.storyboard */; };
		CE63651623C11720006E82CE /* UIView+Extensions.swift in Sources */ = {isa = PBXBuildFile; fileRef = CE63651423C10B99006E82CE /* UIView+Extensions.swift */; };
		CE63651823C3E163006E82CE /* HistoryViewController.swift in Sources */ = {isa = PBXBuildFile; fileRef = CE63651723C3E163006E82CE /* HistoryViewController.swift */; };
		CE63651F23C51855006E82CE /* HistoryCell.swift in Sources */ = {isa = PBXBuildFile; fileRef = CE63651D23C51855006E82CE /* HistoryCell.swift */; };
		CE63652023C51855006E82CE /* HistoryCell.xib in Resources */ = {isa = PBXBuildFile; fileRef = CE63651E23C51855006E82CE /* HistoryCell.xib */; };
		CE6A52F426CB33E400450B80 /* Localizable.strings in Resources */ = {isa = PBXBuildFile; fileRef = CEBACC5D2408CF60003C498C /* Localizable.strings */; };
		CE81E99024FDCEBE004C8A90 /* NotificationService.swift in Sources */ = {isa = PBXBuildFile; fileRef = CE81E98F24FDCEBE004C8A90 /* NotificationService.swift */; };
		CE81E99C2501A867004C8A90 /* GoogleService-Info.plist in Resources */ = {isa = PBXBuildFile; fileRef = CE81E99B2501A867004C8A90 /* GoogleService-Info.plist */; };
		CE82C4F523A026D80030561C /* WaterViewController.swift in Sources */ = {isa = PBXBuildFile; fileRef = CE82C4F423A026D80030561C /* WaterViewController.swift */; };
		CE84B0D023C9203D00364247 /* NSObject+Extensions.swift in Sources */ = {isa = PBXBuildFile; fileRef = CE84B0CF23C9203D00364247 /* NSObject+Extensions.swift */; };
		CE84B0D223C9244A00364247 /* VolumeFormatter.swift in Sources */ = {isa = PBXBuildFile; fileRef = CE84B0D123C9244A00364247 /* VolumeFormatter.swift */; };
		CE84B0D623C9273E00364247 /* DetailHistoryViewController.swift in Sources */ = {isa = PBXBuildFile; fileRef = CE84B0D523C9273E00364247 /* DetailHistoryViewController.swift */; };
		CE894CFD23D0EE6600DE9140 /* SettingsViewController.swift in Sources */ = {isa = PBXBuildFile; fileRef = CE894CFC23D0EE6600DE9140 /* SettingsViewController.swift */; };
		CE894CFF23D0F22100DE9140 /* Setting.swift in Sources */ = {isa = PBXBuildFile; fileRef = CE894CFE23D0F22100DE9140 /* Setting.swift */; };
		CE894D0223D0F76500DE9140 /* SettingsCell.swift in Sources */ = {isa = PBXBuildFile; fileRef = CE894D0023D0F76500DE9140 /* SettingsCell.swift */; };
		CE894D0323D0F76500DE9140 /* SettingsCell.xib in Resources */ = {isa = PBXBuildFile; fileRef = CE894D0123D0F76500DE9140 /* SettingsCell.xib */; };
		CEA36E3426CB28C600A31C95 /* WidgetKit.framework in Frameworks */ = {isa = PBXBuildFile; fileRef = CEA36E1226C5ED6700A31C95 /* WidgetKit.framework */; };
		CEA36E3526CB28C600A31C95 /* SwiftUI.framework in Frameworks */ = {isa = PBXBuildFile; fileRef = CEA36E1426C5ED6700A31C95 /* SwiftUI.framework */; };
		CEA36E3826CB28C600A31C95 /* WidgetDrinkWater.swift in Sources */ = {isa = PBXBuildFile; fileRef = CEA36E3726CB28C600A31C95 /* WidgetDrinkWater.swift */; };
		CEA36E3A26CB28CC00A31C95 /* Assets.xcassets in Resources */ = {isa = PBXBuildFile; fileRef = CEA36E3926CB28CC00A31C95 /* Assets.xcassets */; };
		CEA36E3E26CB28CC00A31C95 /* WidgetDrinkWaterExtension.appex in Embed App Extensions */ = {isa = PBXBuildFile; fileRef = CEA36E3326CB28C600A31C95 /* WidgetDrinkWaterExtension.appex */; settings = {ATTRIBUTES = (RemoveHeadersOnCopy, ); }; };
		CEA36E4426CB296300A31C95 /* WaterData.swift in Sources */ = {isa = PBXBuildFile; fileRef = CEA36E4326CB296300A31C95 /* WaterData.swift */; };
		CEA36E4526CB29C200A31C95 /* WaterData.swift in Sources */ = {isa = PBXBuildFile; fileRef = CEA36E4326CB296300A31C95 /* WaterData.swift */; };
		CEA36E4626CB29DA00A31C95 /* AppSettings.swift in Sources */ = {isa = PBXBuildFile; fileRef = CEC95DEF23D23D3D0091B09F /* AppSettings.swift */; };
		CEA36E4726CB29DF00A31C95 /* Localize.swift in Sources */ = {isa = PBXBuildFile; fileRef = CEBACC612408D097003C498C /* Localize.swift */; };
		CEA36E4826CB29FA00A31C95 /* UnitVolume.swift in Sources */ = {isa = PBXBuildFile; fileRef = CEAC31EE23AC59DC00340371 /* UnitVolume.swift */; };
		CEAC31EF23AC59DC00340371 /* UnitVolume.swift in Sources */ = {isa = PBXBuildFile; fileRef = CEAC31EE23AC59DC00340371 /* UnitVolume.swift */; };
		CEAC31F123BAFC3000340371 /* WaterService.swift in Sources */ = {isa = PBXBuildFile; fileRef = CEAC31F023BAFC3000340371 /* WaterService.swift */; };
		CEBACC5B2408CF60003C498C /* Localizable.strings in Resources */ = {isa = PBXBuildFile; fileRef = CEBACC5D2408CF60003C498C /* Localizable.strings */; };
		CEBACC622408D097003C498C /* Localize.swift in Sources */ = {isa = PBXBuildFile; fileRef = CEBACC612408D097003C498C /* Localize.swift */; };
		CEC8B1AF26C5CDA600799154 /* Volume.swift in Sources */ = {isa = PBXBuildFile; fileRef = CEC8B1AE26C5CDA600799154 /* Volume.swift */; };
		CEC95DF023D23D3D0091B09F /* AppSettings.swift in Sources */ = {isa = PBXBuildFile; fileRef = CEC95DEF23D23D3D0091B09F /* AppSettings.swift */; };
		CEC95DF223D65A050091B09F /* DateHelper.swift in Sources */ = {isa = PBXBuildFile; fileRef = CEC95DF123D65A050091B09F /* DateHelper.swift */; };
		CED6E15B23FF310E006085E2 /* UIColor.swift in Sources */ = {isa = PBXBuildFile; fileRef = CED6E15A23FF310E006085E2 /* UIColor.swift */; };
		CEF39DB923D0FFBD00D692A3 /* VolumeSettingViewController.swift in Sources */ = {isa = PBXBuildFile; fileRef = CEF39DB823D0FFBD00D692A3 /* VolumeSettingViewController.swift */; };
/* End PBXBuildFile section */

/* Begin PBXContainerItemProxy section */
		CEA36E3C26CB28CC00A31C95 /* PBXContainerItemProxy */ = {
			isa = PBXContainerItemProxy;
			containerPortal = CE3B9B9423973177006C4BD7 /* Project object */;
			proxyType = 1;
			remoteGlobalIDString = CEA36E3226CB28C600A31C95;
			remoteInfo = WidgetDrinkWaterExtension;
		};
/* End PBXContainerItemProxy section */

/* Begin PBXCopyFilesBuildPhase section */
		CEA36E1F26C5ED6B00A31C95 /* Embed App Extensions */ = {
			isa = PBXCopyFilesBuildPhase;
			buildActionMask = 2147483647;
			dstPath = "";
			dstSubfolderSpec = 13;
			files = (
				CEA36E3E26CB28CC00A31C95 /* WidgetDrinkWaterExtension.appex in Embed App Extensions */,
			);
			name = "Embed App Extensions";
			runOnlyForDeploymentPostprocessing = 0;
		};
/* End PBXCopyFilesBuildPhase section */

/* Begin PBXFileReference section */
		180B6BEE6728D3B1C762B29D /* Pods-DrinkWater.release.xcconfig */ = {isa = PBXFileReference; includeInIndex = 1; lastKnownFileType = text.xcconfig; name = "Pods-DrinkWater.release.xcconfig"; path = "Target Support Files/Pods-DrinkWater/Pods-DrinkWater.release.xcconfig"; sourceTree = "<group>"; };
		C13F635869ED86EB3854AB53 /* Pods-DrinkWater.debug.xcconfig */ = {isa = PBXFileReference; includeInIndex = 1; lastKnownFileType = text.xcconfig; name = "Pods-DrinkWater.debug.xcconfig"; path = "Target Support Files/Pods-DrinkWater/Pods-DrinkWater.debug.xcconfig"; sourceTree = "<group>"; };
		CE0538F224070C0B006A027F /* ru */ = {isa = PBXFileReference; lastKnownFileType = text.plist.strings; name = ru; path = ru.lproj/Main.strings; sourceTree = "<group>"; };
		CE0538F324070C0B006A027F /* ru */ = {isa = PBXFileReference; lastKnownFileType = text.plist.strings; name = ru; path = ru.lproj/LaunchScreen.strings; sourceTree = "<group>"; };
		CE0E5F8124EEFFD50072C64F /* NotificationViewController.swift */ = {isa = PBXFileReference; lastKnownFileType = sourcecode.swift; path = NotificationViewController.swift; sourceTree = "<group>"; };
		CE0E5F8324EF1D5C0072C64F /* UIView+Layout.swift */ = {isa = PBXFileReference; lastKnownFileType = sourcecode.swift; path = "UIView+Layout.swift"; sourceTree = "<group>"; };
		CE0E5F8524EF24EA0072C64F /* TimeCell.swift */ = {isa = PBXFileReference; lastKnownFileType = sourcecode.swift; path = TimeCell.swift; sourceTree = "<group>"; };
		CE0E5F8724EF25440072C64F /* TimeCell.xib */ = {isa = PBXFileReference; lastKnownFileType = file.xib; path = TimeCell.xib; sourceTree = "<group>"; };
		CE3B9B9C23973177006C4BD7 /* DrinkWater.app */ = {isa = PBXFileReference; explicitFileType = wrapper.application; includeInIndex = 0; path = DrinkWater.app; sourceTree = BUILT_PRODUCTS_DIR; };
		CE3B9B9F23973177006C4BD7 /* AppDelegate.swift */ = {isa = PBXFileReference; lastKnownFileType = sourcecode.swift; path = AppDelegate.swift; sourceTree = "<group>"; };
		CE3B9BA123973177006C4BD7 /* SceneDelegate.swift */ = {isa = PBXFileReference; lastKnownFileType = sourcecode.swift; path = SceneDelegate.swift; sourceTree = "<group>"; };
		CE3B9BA623973177006C4BD7 /* Base */ = {isa = PBXFileReference; lastKnownFileType = file.storyboard; name = Base; path = Base.lproj/Main.storyboard; sourceTree = "<group>"; };
		CE3B9BA82397317D006C4BD7 /* Assets.xcassets */ = {isa = PBXFileReference; lastKnownFileType = folder.assetcatalog; path = Assets.xcassets; sourceTree = "<group>"; };
		CE3B9BAB2397317D006C4BD7 /* Base */ = {isa = PBXFileReference; lastKnownFileType = file.storyboard; name = Base; path = Base.lproj/LaunchScreen.storyboard; sourceTree = "<group>"; };
		CE3B9BAD2397317D006C4BD7 /* Info.plist */ = {isa = PBXFileReference; lastKnownFileType = text.plist.xml; path = Info.plist; sourceTree = "<group>"; };
		CE63651423C10B99006E82CE /* UIView+Extensions.swift */ = {isa = PBXFileReference; lastKnownFileType = sourcecode.swift; path = "UIView+Extensions.swift"; sourceTree = "<group>"; };
		CE63651723C3E163006E82CE /* HistoryViewController.swift */ = {isa = PBXFileReference; lastKnownFileType = sourcecode.swift; path = HistoryViewController.swift; sourceTree = "<group>"; };
		CE63651D23C51855006E82CE /* HistoryCell.swift */ = {isa = PBXFileReference; lastKnownFileType = sourcecode.swift; path = HistoryCell.swift; sourceTree = "<group>"; };
		CE63651E23C51855006E82CE /* HistoryCell.xib */ = {isa = PBXFileReference; lastKnownFileType = file.xib; path = HistoryCell.xib; sourceTree = "<group>"; };
		CE81E98F24FDCEBE004C8A90 /* NotificationService.swift */ = {isa = PBXFileReference; lastKnownFileType = sourcecode.swift; path = NotificationService.swift; sourceTree = "<group>"; };
		CE81E99B2501A867004C8A90 /* GoogleService-Info.plist */ = {isa = PBXFileReference; fileEncoding = 4; lastKnownFileType = text.plist.xml; path = "GoogleService-Info.plist"; sourceTree = "<group>"; };
		CE82C4F423A026D80030561C /* WaterViewController.swift */ = {isa = PBXFileReference; lastKnownFileType = sourcecode.swift; path = WaterViewController.swift; sourceTree = "<group>"; };
		CE84B0CF23C9203D00364247 /* NSObject+Extensions.swift */ = {isa = PBXFileReference; lastKnownFileType = sourcecode.swift; path = "NSObject+Extensions.swift"; sourceTree = "<group>"; };
		CE84B0D123C9244A00364247 /* VolumeFormatter.swift */ = {isa = PBXFileReference; lastKnownFileType = sourcecode.swift; path = VolumeFormatter.swift; sourceTree = "<group>"; };
		CE84B0D523C9273E00364247 /* DetailHistoryViewController.swift */ = {isa = PBXFileReference; lastKnownFileType = sourcecode.swift; path = DetailHistoryViewController.swift; sourceTree = "<group>"; };
		CE894CFC23D0EE6600DE9140 /* SettingsViewController.swift */ = {isa = PBXFileReference; lastKnownFileType = sourcecode.swift; path = SettingsViewController.swift; sourceTree = "<group>"; };
		CE894CFE23D0F22100DE9140 /* Setting.swift */ = {isa = PBXFileReference; lastKnownFileType = sourcecode.swift; path = Setting.swift; sourceTree = "<group>"; };
		CE894D0023D0F76500DE9140 /* SettingsCell.swift */ = {isa = PBXFileReference; lastKnownFileType = sourcecode.swift; path = SettingsCell.swift; sourceTree = "<group>"; };
		CE894D0123D0F76500DE9140 /* SettingsCell.xib */ = {isa = PBXFileReference; lastKnownFileType = file.xib; path = SettingsCell.xib; sourceTree = "<group>"; };
		CEA36E1226C5ED6700A31C95 /* WidgetKit.framework */ = {isa = PBXFileReference; lastKnownFileType = wrapper.framework; name = WidgetKit.framework; path = System/Library/Frameworks/WidgetKit.framework; sourceTree = SDKROOT; };
		CEA36E1426C5ED6700A31C95 /* SwiftUI.framework */ = {isa = PBXFileReference; lastKnownFileType = wrapper.framework; name = SwiftUI.framework; path = System/Library/Frameworks/SwiftUI.framework; sourceTree = SDKROOT; };
		CEA36E3326CB28C600A31C95 /* WidgetDrinkWaterExtension.appex */ = {isa = PBXFileReference; explicitFileType = "wrapper.app-extension"; includeInIndex = 0; path = WidgetDrinkWaterExtension.appex; sourceTree = BUILT_PRODUCTS_DIR; };
		CEA36E3726CB28C600A31C95 /* WidgetDrinkWater.swift */ = {isa = PBXFileReference; lastKnownFileType = sourcecode.swift; path = WidgetDrinkWater.swift; sourceTree = "<group>"; };
		CEA36E3926CB28CC00A31C95 /* Assets.xcassets */ = {isa = PBXFileReference; lastKnownFileType = folder.assetcatalog; path = Assets.xcassets; sourceTree = "<group>"; };
		CEA36E3B26CB28CC00A31C95 /* Info.plist */ = {isa = PBXFileReference; lastKnownFileType = text.plist.xml; path = Info.plist; sourceTree = "<group>"; };
		CEA36E4226CB28D500A31C95 /* WidgetDrinkWaterExtension.entitlements */ = {isa = PBXFileReference; lastKnownFileType = text.plist.entitlements; path = WidgetDrinkWaterExtension.entitlements; sourceTree = "<group>"; };
		CEA36E4326CB296300A31C95 /* WaterData.swift */ = {isa = PBXFileReference; lastKnownFileType = sourcecode.swift; path = WaterData.swift; sourceTree = "<group>"; };
		CEAC31EE23AC59DC00340371 /* UnitVolume.swift */ = {isa = PBXFileReference; lastKnownFileType = sourcecode.swift; path = UnitVolume.swift; sourceTree = "<group>"; };
		CEAC31F023BAFC3000340371 /* WaterService.swift */ = {isa = PBXFileReference; lastKnownFileType = sourcecode.swift; path = WaterService.swift; sourceTree = "<group>"; };
		CEBACC5C2408CF60003C498C /* en */ = {isa = PBXFileReference; lastKnownFileType = text.plist.strings; name = en; path = en.lproj/Localizable.strings; sourceTree = "<group>"; };
		CEBACC5E2408CF63003C498C /* ru */ = {isa = PBXFileReference; lastKnownFileType = text.plist.strings; name = ru; path = ru.lproj/Localizable.strings; sourceTree = "<group>"; };
		CEBACC612408D097003C498C /* Localize.swift */ = {isa = PBXFileReference; lastKnownFileType = sourcecode.swift; path = Localize.swift; sourceTree = "<group>"; };
		CEC8B1AE26C5CDA600799154 /* Volume.swift */ = {isa = PBXFileReference; fileEncoding = 4; lastKnownFileType = sourcecode.swift; path = Volume.swift; sourceTree = "<group>"; };
		CEC95DEF23D23D3D0091B09F /* AppSettings.swift */ = {isa = PBXFileReference; lastKnownFileType = sourcecode.swift; path = AppSettings.swift; sourceTree = "<group>"; };
		CEC95DF123D65A050091B09F /* DateHelper.swift */ = {isa = PBXFileReference; lastKnownFileType = sourcecode.swift; path = DateHelper.swift; sourceTree = "<group>"; };
		CED6E15A23FF310E006085E2 /* UIColor.swift */ = {isa = PBXFileReference; fileEncoding = 4; lastKnownFileType = sourcecode.swift; path = UIColor.swift; sourceTree = "<group>"; };
		CEF39DB823D0FFBD00D692A3 /* VolumeSettingViewController.swift */ = {isa = PBXFileReference; lastKnownFileType = sourcecode.swift; path = VolumeSettingViewController.swift; sourceTree = "<group>"; };
		E01E3D0FF2F3BCBF1D0DC1F0 /* Pods_DrinkWater.framework */ = {isa = PBXFileReference; explicitFileType = wrapper.framework; includeInIndex = 0; path = Pods_DrinkWater.framework; sourceTree = BUILT_PRODUCTS_DIR; };
/* End PBXFileReference section */

/* Begin PBXFrameworksBuildPhase section */
		CE3B9B9923973177006C4BD7 /* Frameworks */ = {
			isa = PBXFrameworksBuildPhase;
			buildActionMask = 2147483647;
			files = (
				A45CB3BE0E1990BB09AAEC65 /* Pods_DrinkWater.framework in Frameworks */,
			);
			runOnlyForDeploymentPostprocessing = 0;
		};
		CEA36E3026CB28C600A31C95 /* Frameworks */ = {
			isa = PBXFrameworksBuildPhase;
			buildActionMask = 2147483647;
			files = (
				CEA36E3526CB28C600A31C95 /* SwiftUI.framework in Frameworks */,
				CEA36E3426CB28C600A31C95 /* WidgetKit.framework in Frameworks */,
			);
			runOnlyForDeploymentPostprocessing = 0;
		};
/* End PBXFrameworksBuildPhase section */

/* Begin PBXGroup section */
		851752F97E3CA51121D54D72 /* Frameworks */ = {
			isa = PBXGroup;
			children = (
				E01E3D0FF2F3BCBF1D0DC1F0 /* Pods_DrinkWater.framework */,
				CEA36E1226C5ED6700A31C95 /* WidgetKit.framework */,
				CEA36E1426C5ED6700A31C95 /* SwiftUI.framework */,
			);
			name = Frameworks;
			sourceTree = "<group>";
		};
		CE3B9B9323973177006C4BD7 = {
			isa = PBXGroup;
			children = (
				CEA36E4226CB28D500A31C95 /* WidgetDrinkWaterExtension.entitlements */,
				CE3B9B9E23973177006C4BD7 /* DrinkWater */,
				CEA36E3626CB28C600A31C95 /* WidgetDrinkWater */,
				CE3B9B9D23973177006C4BD7 /* Products */,
				D9C016C66290ED59DCCF13AB /* Pods */,
				851752F97E3CA51121D54D72 /* Frameworks */,
			);
			sourceTree = "<group>";
		};
		CE3B9B9D23973177006C4BD7 /* Products */ = {
			isa = PBXGroup;
			children = (
				CE3B9B9C23973177006C4BD7 /* DrinkWater.app */,
				CEA36E3326CB28C600A31C95 /* WidgetDrinkWaterExtension.appex */,
			);
			name = Products;
			sourceTree = "<group>";
		};
		CE3B9B9E23973177006C4BD7 /* DrinkWater */ = {
			isa = PBXGroup;
			children = (
				CE3B9B9F23973177006C4BD7 /* AppDelegate.swift */,
				CE3B9BA123973177006C4BD7 /* SceneDelegate.swift */,
				CEF39DB523D0FCC100D692A3 /* History */,
				CEA36E2C26C994E900A31C95 /* Notification */,
				CEF39DB623D0FCED00D692A3 /* Main */,
				CEA36E2B26C994A700A31C95 /* Volume */,
				CEF39DB723D0FD0F00D692A3 /* Helpers */,
				CEBACC602408D07B003C498C /* Utils */,
				CEF39DB423D0FC9200D692A3 /* Settings */,
				CE3B9BA82397317D006C4BD7 /* Assets.xcassets */,
				CE3B9BAA2397317D006C4BD7 /* LaunchScreen.storyboard */,
				CE81E99B2501A867004C8A90 /* GoogleService-Info.plist */,
				CE3B9BAD2397317D006C4BD7 /* Info.plist */,
				CEBACC5D2408CF60003C498C /* Localizable.strings */,
			);
			path = DrinkWater;
			sourceTree = "<group>";
		};
		CEA36E2B26C994A700A31C95 /* Volume */ = {
			isa = PBXGroup;
			children = (
				CEAC31EE23AC59DC00340371 /* UnitVolume.swift */,
				CEC8B1AE26C5CDA600799154 /* Volume.swift */,
				CE84B0D123C9244A00364247 /* VolumeFormatter.swift */,
			);
			path = Volume;
			sourceTree = "<group>";
		};
		CEA36E2C26C994E900A31C95 /* Notification */ = {
			isa = PBXGroup;
			children = (
				CE0E5F8524EF24EA0072C64F /* TimeCell.swift */,
				CE0E5F8724EF25440072C64F /* TimeCell.xib */,
				CE81E98F24FDCEBE004C8A90 /* NotificationService.swift */,
				CE0E5F8124EEFFD50072C64F /* NotificationViewController.swift */,
			);
			path = Notification;
			sourceTree = "<group>";
		};
		CEA36E3626CB28C600A31C95 /* WidgetDrinkWater */ = {
			isa = PBXGroup;
			children = (
				CEA36E3726CB28C600A31C95 /* WidgetDrinkWater.swift */,
				CEA36E4326CB296300A31C95 /* WaterData.swift */,
				CEA36E3926CB28CC00A31C95 /* Assets.xcassets */,
				CEA36E3B26CB28CC00A31C95 /* Info.plist */,
			);
			path = WidgetDrinkWater;
			sourceTree = "<group>";
		};
		CEBACC602408D07B003C498C /* Utils */ = {
			isa = PBXGroup;
			children = (
				CEBACC612408D097003C498C /* Localize.swift */,
			);
			path = Utils;
			sourceTree = "<group>";
		};
		CEF39DB423D0FC9200D692A3 /* Settings */ = {
			isa = PBXGroup;
			children = (
				CE894CFC23D0EE6600DE9140 /* SettingsViewController.swift */,
				CEF39DB823D0FFBD00D692A3 /* VolumeSettingViewController.swift */,
				CE894CFE23D0F22100DE9140 /* Setting.swift */,
				CEC95DEF23D23D3D0091B09F /* AppSettings.swift */,
				CE894D0023D0F76500DE9140 /* SettingsCell.swift */,
				CE894D0123D0F76500DE9140 /* SettingsCell.xib */,
			);
			path = Settings;
			sourceTree = "<group>";
		};
		CEF39DB523D0FCC100D692A3 /* History */ = {
			isa = PBXGroup;
			children = (
				CE63651723C3E163006E82CE /* HistoryViewController.swift */,
				CE84B0D523C9273E00364247 /* DetailHistoryViewController.swift */,
				CE63651D23C51855006E82CE /* HistoryCell.swift */,
				CE63651E23C51855006E82CE /* HistoryCell.xib */,
			);
			path = History;
			sourceTree = "<group>";
		};
		CEF39DB623D0FCED00D692A3 /* Main */ = {
			isa = PBXGroup;
			children = (
				CEAC31F023BAFC3000340371 /* WaterService.swift */,
				CE82C4F423A026D80030561C /* WaterViewController.swift */,
				CE3B9BA523973177006C4BD7 /* Main.storyboard */,
			);
			path = Main;
			sourceTree = "<group>";
		};
		CEF39DB723D0FD0F00D692A3 /* Helpers */ = {
			isa = PBXGroup;
			children = (
				CE63651423C10B99006E82CE /* UIView+Extensions.swift */,
				CED6E15A23FF310E006085E2 /* UIColor.swift */,
				CE84B0CF23C9203D00364247 /* NSObject+Extensions.swift */,
				CEC95DF123D65A050091B09F /* DateHelper.swift */,
				CE0E5F8324EF1D5C0072C64F /* UIView+Layout.swift */,
			);
			path = Helpers;
			sourceTree = "<group>";
		};
		D9C016C66290ED59DCCF13AB /* Pods */ = {
			isa = PBXGroup;
			children = (
				C13F635869ED86EB3854AB53 /* Pods-DrinkWater.debug.xcconfig */,
				180B6BEE6728D3B1C762B29D /* Pods-DrinkWater.release.xcconfig */,
			);
			path = Pods;
			sourceTree = "<group>";
		};
/* End PBXGroup section */

/* Begin PBXNativeTarget section */
		CE3B9B9B23973177006C4BD7 /* DrinkWater */ = {
			isa = PBXNativeTarget;
			buildConfigurationList = CE3B9BB02397317D006C4BD7 /* Build configuration list for PBXNativeTarget "DrinkWater" */;
			buildPhases = (
				1AF8C76E1D4ABEFDDE6123E6 /* [CP] Check Pods Manifest.lock */,
				CE3B9B9823973177006C4BD7 /* Sources */,
				CE3B9B9923973177006C4BD7 /* Frameworks */,
				CE3B9B9A23973177006C4BD7 /* Resources */,
				EF935D81CDB9836544CF3501 /* [CP] Embed Pods Frameworks */,
				CEA36E1F26C5ED6B00A31C95 /* Embed App Extensions */,
			);
			buildRules = (
			);
			dependencies = (
				CEA36E3D26CB28CC00A31C95 /* PBXTargetDependency */,
			);
			name = DrinkWater;
			productName = DrinkWater;
			productReference = CE3B9B9C23973177006C4BD7 /* DrinkWater.app */;
			productType = "com.apple.product-type.application";
		};
		CEA36E3226CB28C600A31C95 /* WidgetDrinkWaterExtension */ = {
			isa = PBXNativeTarget;
			buildConfigurationList = CEA36E3F26CB28CC00A31C95 /* Build configuration list for PBXNativeTarget "WidgetDrinkWaterExtension" */;
			buildPhases = (
				CEA36E2F26CB28C600A31C95 /* Sources */,
				CEA36E3026CB28C600A31C95 /* Frameworks */,
				CEA36E3126CB28C600A31C95 /* Resources */,
			);
			buildRules = (
			);
			dependencies = (
			);
			name = WidgetDrinkWaterExtension;
			productName = WidgetDrinkWaterExtension;
			productReference = CEA36E3326CB28C600A31C95 /* WidgetDrinkWaterExtension.appex */;
			productType = "com.apple.product-type.app-extension";
		};
/* End PBXNativeTarget section */

/* Begin PBXProject section */
		CE3B9B9423973177006C4BD7 /* Project object */ = {
			isa = PBXProject;
			attributes = {
				LastSwiftUpdateCheck = 1250;
				LastUpgradeCheck = 1250;
				ORGANIZATIONNAME = "Tatiana Ampilogova";
				TargetAttributes = {
					CE3B9B9B23973177006C4BD7 = {
						CreatedOnToolsVersion = 11.1;
					};
					CEA36E3226CB28C600A31C95 = {
						CreatedOnToolsVersion = 12.5.1;
					};
				};
			};
			buildConfigurationList = CE3B9B9723973177006C4BD7 /* Build configuration list for PBXProject "DrinkWater" */;
			compatibilityVersion = "Xcode 9.3";
			developmentRegion = en;
			hasScannedForEncodings = 0;
			knownRegions = (
				en,
				Base,
				ru,
			);
			mainGroup = CE3B9B9323973177006C4BD7;
			productRefGroup = CE3B9B9D23973177006C4BD7 /* Products */;
			projectDirPath = "";
			projectRoot = "";
			targets = (
				CE3B9B9B23973177006C4BD7 /* DrinkWater */,
				CEA36E3226CB28C600A31C95 /* WidgetDrinkWaterExtension */,
			);
		};
/* End PBXProject section */

/* Begin PBXResourcesBuildPhase section */
		CE3B9B9A23973177006C4BD7 /* Resources */ = {
			isa = PBXResourcesBuildPhase;
			buildActionMask = 2147483647;
			files = (
				CE0E5F8824EF25440072C64F /* TimeCell.xib in Resources */,
				CE81E99C2501A867004C8A90 /* GoogleService-Info.plist in Resources */,
				CE63652023C51855006E82CE /* HistoryCell.xib in Resources */,
				CEBACC5B2408CF60003C498C /* Localizable.strings in Resources */,
				CE3B9BAC2397317D006C4BD7 /* LaunchScreen.storyboard in Resources */,
				CE3B9BA92397317D006C4BD7 /* Assets.xcassets in Resources */,
				CE3B9BA723973177006C4BD7 /* Main.storyboard in Resources */,
				CE894D0323D0F76500DE9140 /* SettingsCell.xib in Resources */,
			);
			runOnlyForDeploymentPostprocessing = 0;
		};
		CEA36E3126CB28C600A31C95 /* Resources */ = {
			isa = PBXResourcesBuildPhase;
			buildActionMask = 2147483647;
			files = (
				CEA36E3A26CB28CC00A31C95 /* Assets.xcassets in Resources */,
				CE6A52F426CB33E400450B80 /* Localizable.strings in Resources */,
			);
			runOnlyForDeploymentPostprocessing = 0;
		};
/* End PBXResourcesBuildPhase section */

/* Begin PBXShellScriptBuildPhase section */
		1AF8C76E1D4ABEFDDE6123E6 /* [CP] Check Pods Manifest.lock */ = {
			isa = PBXShellScriptBuildPhase;
			buildActionMask = 2147483647;
			files = (
			);
			inputFileListPaths = (
			);
			inputPaths = (
				"${PODS_PODFILE_DIR_PATH}/Podfile.lock",
				"${PODS_ROOT}/Manifest.lock",
			);
			name = "[CP] Check Pods Manifest.lock";
			outputFileListPaths = (
			);
			outputPaths = (
				"$(DERIVED_FILE_DIR)/Pods-DrinkWater-checkManifestLockResult.txt",
			);
			runOnlyForDeploymentPostprocessing = 0;
			shellPath = /bin/sh;
			shellScript = "diff \"${PODS_PODFILE_DIR_PATH}/Podfile.lock\" \"${PODS_ROOT}/Manifest.lock\" > /dev/null\nif [ $? != 0 ] ; then\n    # print error to STDERR\n    echo \"error: The sandbox is not in sync with the Podfile.lock. Run 'pod install' or update your CocoaPods installation.\" >&2\n    exit 1\nfi\n# This output is used by Xcode 'outputs' to avoid re-running this script phase.\necho \"SUCCESS\" > \"${SCRIPT_OUTPUT_FILE_0}\"\n";
			showEnvVarsInLog = 0;
		};
		EF935D81CDB9836544CF3501 /* [CP] Embed Pods Frameworks */ = {
			isa = PBXShellScriptBuildPhase;
			buildActionMask = 2147483647;
			files = (
			);
			inputFileListPaths = (
				"${PODS_ROOT}/Target Support Files/Pods-DrinkWater/Pods-DrinkWater-frameworks-${CONFIGURATION}-input-files.xcfilelist",
			);
			name = "[CP] Embed Pods Frameworks";
			outputFileListPaths = (
				"${PODS_ROOT}/Target Support Files/Pods-DrinkWater/Pods-DrinkWater-frameworks-${CONFIGURATION}-output-files.xcfilelist",
			);
			runOnlyForDeploymentPostprocessing = 0;
			shellPath = /bin/sh;
			shellScript = "\"${PODS_ROOT}/Target Support Files/Pods-DrinkWater/Pods-DrinkWater-frameworks.sh\"\n";
			showEnvVarsInLog = 0;
		};
/* End PBXShellScriptBuildPhase section */

/* Begin PBXSourcesBuildPhase section */
		CE3B9B9823973177006C4BD7 /* Sources */ = {
			isa = PBXSourcesBuildPhase;
			buildActionMask = 2147483647;
			files = (
				CE0E5F8624EF24EA0072C64F /* TimeCell.swift in Sources */,
				CE894D0223D0F76500DE9140 /* SettingsCell.swift in Sources */,
				CEA36E4426CB296300A31C95 /* WaterData.swift in Sources */,
				CE84B0D023C9203D00364247 /* NSObject+Extensions.swift in Sources */,
				CE63651623C11720006E82CE /* UIView+Extensions.swift in Sources */,
				CE81E99024FDCEBE004C8A90 /* NotificationService.swift in Sources */,
				CE894CFF23D0F22100DE9140 /* Setting.swift in Sources */,
				CE3B9BA023973177006C4BD7 /* AppDelegate.swift in Sources */,
				CE3B9BA223973177006C4BD7 /* SceneDelegate.swift in Sources */,
				CE0E5F8424EF1D5C0072C64F /* UIView+Layout.swift in Sources */,
				CE84B0D223C9244A00364247 /* VolumeFormatter.swift in Sources */,
				CEC8B1AF26C5CDA600799154 /* Volume.swift in Sources */,
				CEBACC622408D097003C498C /* Localize.swift in Sources */,
				CEAC31F123BAFC3000340371 /* WaterService.swift in Sources */,
				CEF39DB923D0FFBD00D692A3 /* VolumeSettingViewController.swift in Sources */,
				CEC95DF223D65A050091B09F /* DateHelper.swift in Sources */,
				CE63651F23C51855006E82CE /* HistoryCell.swift in Sources */,
				CEC95DF023D23D3D0091B09F /* AppSettings.swift in Sources */,
				CEAC31EF23AC59DC00340371 /* UnitVolume.swift in Sources */,
				CED6E15B23FF310E006085E2 /* UIColor.swift in Sources */,
				CE63651823C3E163006E82CE /* HistoryViewController.swift in Sources */,
				CE0E5F8224EEFFD50072C64F /* NotificationViewController.swift in Sources */,
				CE84B0D623C9273E00364247 /* DetailHistoryViewController.swift in Sources */,
				CE82C4F523A026D80030561C /* WaterViewController.swift in Sources */,
				CE894CFD23D0EE6600DE9140 /* SettingsViewController.swift in Sources */,
			);
			runOnlyForDeploymentPostprocessing = 0;
		};
		CEA36E2F26CB28C600A31C95 /* Sources */ = {
			isa = PBXSourcesBuildPhase;
			buildActionMask = 2147483647;
			files = (
				CEA36E4826CB29FA00A31C95 /* UnitVolume.swift in Sources */,
				CEA36E4726CB29DF00A31C95 /* Localize.swift in Sources */,
				CEA36E3826CB28C600A31C95 /* WidgetDrinkWater.swift in Sources */,
				CEA36E4526CB29C200A31C95 /* WaterData.swift in Sources */,
				CEA36E4626CB29DA00A31C95 /* AppSettings.swift in Sources */,
			);
			runOnlyForDeploymentPostprocessing = 0;
		};
/* End PBXSourcesBuildPhase section */

/* Begin PBXTargetDependency section */
		CEA36E3D26CB28CC00A31C95 /* PBXTargetDependency */ = {
			isa = PBXTargetDependency;
			target = CEA36E3226CB28C600A31C95 /* WidgetDrinkWaterExtension */;
			targetProxy = CEA36E3C26CB28CC00A31C95 /* PBXContainerItemProxy */;
		};
/* End PBXTargetDependency section */

/* Begin PBXVariantGroup section */
		CE3B9BA523973177006C4BD7 /* Main.storyboard */ = {
			isa = PBXVariantGroup;
			children = (
				CE3B9BA623973177006C4BD7 /* Base */,
				CE0538F224070C0B006A027F /* ru */,
			);
			name = Main.storyboard;
			sourceTree = "<group>";
		};
		CE3B9BAA2397317D006C4BD7 /* LaunchScreen.storyboard */ = {
			isa = PBXVariantGroup;
			children = (
				CE3B9BAB2397317D006C4BD7 /* Base */,
				CE0538F324070C0B006A027F /* ru */,
			);
			name = LaunchScreen.storyboard;
			sourceTree = "<group>";
		};
		CEBACC5D2408CF60003C498C /* Localizable.strings */ = {
			isa = PBXVariantGroup;
			children = (
				CEBACC5C2408CF60003C498C /* en */,
				CEBACC5E2408CF63003C498C /* ru */,
			);
			name = Localizable.strings;
			sourceTree = "<group>";
		};
/* End PBXVariantGroup section */

/* Begin XCBuildConfiguration section */
		CE3B9BAE2397317D006C4BD7 /* Debug */ = {
			isa = XCBuildConfiguration;
			buildSettings = {
				ALWAYS_SEARCH_USER_PATHS = NO;
				CLANG_ANALYZER_LOCALIZABILITY_NONLOCALIZED = YES;
				CLANG_ANALYZER_NONNULL = YES;
				CLANG_ANALYZER_NUMBER_OBJECT_CONVERSION = YES_AGGRESSIVE;
				CLANG_CXX_LANGUAGE_STANDARD = "gnu++14";
				CLANG_CXX_LIBRARY = "libc++";
				CLANG_ENABLE_MODULES = YES;
				CLANG_ENABLE_OBJC_ARC = YES;
				CLANG_ENABLE_OBJC_WEAK = YES;
				CLANG_WARN_BLOCK_CAPTURE_AUTORELEASING = YES;
				CLANG_WARN_BOOL_CONVERSION = YES;
				CLANG_WARN_COMMA = YES;
				CLANG_WARN_CONSTANT_CONVERSION = YES;
				CLANG_WARN_DEPRECATED_OBJC_IMPLEMENTATIONS = YES;
				CLANG_WARN_DIRECT_OBJC_ISA_USAGE = YES_ERROR;
				CLANG_WARN_DOCUMENTATION_COMMENTS = YES;
				CLANG_WARN_EMPTY_BODY = YES;
				CLANG_WARN_ENUM_CONVERSION = YES;
				CLANG_WARN_INFINITE_RECURSION = YES;
				CLANG_WARN_INT_CONVERSION = YES;
				CLANG_WARN_NON_LITERAL_NULL_CONVERSION = YES;
				CLANG_WARN_OBJC_IMPLICIT_RETAIN_SELF = YES;
				CLANG_WARN_OBJC_LITERAL_CONVERSION = YES;
				CLANG_WARN_OBJC_ROOT_CLASS = YES_ERROR;
				CLANG_WARN_QUOTED_INCLUDE_IN_FRAMEWORK_HEADER = YES;
				CLANG_WARN_RANGE_LOOP_ANALYSIS = YES;
				CLANG_WARN_STRICT_PROTOTYPES = YES;
				CLANG_WARN_SUSPICIOUS_MOVE = YES;
				CLANG_WARN_UNGUARDED_AVAILABILITY = YES_AGGRESSIVE;
				CLANG_WARN_UNREACHABLE_CODE = YES;
				CLANG_WARN__DUPLICATE_METHOD_MATCH = YES;
				COPY_PHASE_STRIP = NO;
				DEBUG_INFORMATION_FORMAT = dwarf;
				ENABLE_STRICT_OBJC_MSGSEND = YES;
				ENABLE_TESTABILITY = YES;
				GCC_C_LANGUAGE_STANDARD = gnu11;
				GCC_DYNAMIC_NO_PIC = NO;
				GCC_NO_COMMON_BLOCKS = YES;
				GCC_OPTIMIZATION_LEVEL = 0;
				GCC_PREPROCESSOR_DEFINITIONS = (
					"DEBUG=1",
					"$(inherited)",
				);
				GCC_WARN_64_TO_32_BIT_CONVERSION = YES;
				GCC_WARN_ABOUT_RETURN_TYPE = YES_ERROR;
				GCC_WARN_UNDECLARED_SELECTOR = YES;
				GCC_WARN_UNINITIALIZED_AUTOS = YES_AGGRESSIVE;
				GCC_WARN_UNUSED_FUNCTION = YES;
				GCC_WARN_UNUSED_VARIABLE = YES;
				IPHONEOS_DEPLOYMENT_TARGET = 13.1;
				MTL_ENABLE_DEBUG_INFO = INCLUDE_SOURCE;
				MTL_FAST_MATH = YES;
				ONLY_ACTIVE_ARCH = YES;
				SDKROOT = iphoneos;
				SWIFT_ACTIVE_COMPILATION_CONDITIONS = DEBUG;
				SWIFT_OPTIMIZATION_LEVEL = "-Onone";
			};
			name = Debug;
		};
		CE3B9BAF2397317D006C4BD7 /* Release */ = {
			isa = XCBuildConfiguration;
			buildSettings = {
				ALWAYS_SEARCH_USER_PATHS = NO;
				CLANG_ANALYZER_LOCALIZABILITY_NONLOCALIZED = YES;
				CLANG_ANALYZER_NONNULL = YES;
				CLANG_ANALYZER_NUMBER_OBJECT_CONVERSION = YES_AGGRESSIVE;
				CLANG_CXX_LANGUAGE_STANDARD = "gnu++14";
				CLANG_CXX_LIBRARY = "libc++";
				CLANG_ENABLE_MODULES = YES;
				CLANG_ENABLE_OBJC_ARC = YES;
				CLANG_ENABLE_OBJC_WEAK = YES;
				CLANG_WARN_BLOCK_CAPTURE_AUTORELEASING = YES;
				CLANG_WARN_BOOL_CONVERSION = YES;
				CLANG_WARN_COMMA = YES;
				CLANG_WARN_CONSTANT_CONVERSION = YES;
				CLANG_WARN_DEPRECATED_OBJC_IMPLEMENTATIONS = YES;
				CLANG_WARN_DIRECT_OBJC_ISA_USAGE = YES_ERROR;
				CLANG_WARN_DOCUMENTATION_COMMENTS = YES;
				CLANG_WARN_EMPTY_BODY = YES;
				CLANG_WARN_ENUM_CONVERSION = YES;
				CLANG_WARN_INFINITE_RECURSION = YES;
				CLANG_WARN_INT_CONVERSION = YES;
				CLANG_WARN_NON_LITERAL_NULL_CONVERSION = YES;
				CLANG_WARN_OBJC_IMPLICIT_RETAIN_SELF = YES;
				CLANG_WARN_OBJC_LITERAL_CONVERSION = YES;
				CLANG_WARN_OBJC_ROOT_CLASS = YES_ERROR;
				CLANG_WARN_QUOTED_INCLUDE_IN_FRAMEWORK_HEADER = YES;
				CLANG_WARN_RANGE_LOOP_ANALYSIS = YES;
				CLANG_WARN_STRICT_PROTOTYPES = YES;
				CLANG_WARN_SUSPICIOUS_MOVE = YES;
				CLANG_WARN_UNGUARDED_AVAILABILITY = YES_AGGRESSIVE;
				CLANG_WARN_UNREACHABLE_CODE = YES;
				CLANG_WARN__DUPLICATE_METHOD_MATCH = YES;
				COPY_PHASE_STRIP = NO;
				DEBUG_INFORMATION_FORMAT = "dwarf-with-dsym";
				ENABLE_NS_ASSERTIONS = NO;
				ENABLE_STRICT_OBJC_MSGSEND = YES;
				GCC_C_LANGUAGE_STANDARD = gnu11;
				GCC_NO_COMMON_BLOCKS = YES;
				GCC_WARN_64_TO_32_BIT_CONVERSION = YES;
				GCC_WARN_ABOUT_RETURN_TYPE = YES_ERROR;
				GCC_WARN_UNDECLARED_SELECTOR = YES;
				GCC_WARN_UNINITIALIZED_AUTOS = YES_AGGRESSIVE;
				GCC_WARN_UNUSED_FUNCTION = YES;
				GCC_WARN_UNUSED_VARIABLE = YES;
				IPHONEOS_DEPLOYMENT_TARGET = 13.1;
				MTL_ENABLE_DEBUG_INFO = NO;
				MTL_FAST_MATH = YES;
				SDKROOT = iphoneos;
				SWIFT_COMPILATION_MODE = wholemodule;
				SWIFT_OPTIMIZATION_LEVEL = "-O";
				VALIDATE_PRODUCT = YES;
			};
			name = Release;
		};
		CE3B9BB12397317D006C4BD7 /* Debug */ = {
			isa = XCBuildConfiguration;
			baseConfigurationReference = C13F635869ED86EB3854AB53 /* Pods-DrinkWater.debug.xcconfig */;
			buildSettings = {
				ALWAYS_EMBED_SWIFT_STANDARD_LIBRARIES = YES;
				ASSETCATALOG_COMPILER_APPICON_NAME = AppIcon;
				CODE_SIGN_ENTITLEMENTS = DrinkWater/DrinkWater.entitlements;
				CODE_SIGN_STYLE = Automatic;
				DEVELOPMENT_TEAM = 522V7NC84T;
				INFOPLIST_FILE = DrinkWater/Info.plist;
				IPHONEOS_DEPLOYMENT_TARGET = 14.5;
				LD_RUNPATH_SEARCH_PATHS = (
					"$(inherited)",
					"@executable_path/Frameworks",
				);
				PRODUCT_BUNDLE_IDENTIFIER = "Tatiana-Ampilogova.DrinkWater";
				PRODUCT_NAME = "$(TARGET_NAME)";
				SWIFT_VERSION = 5.0;
				TARGETED_DEVICE_FAMILY = 1;
			};
			name = Debug;
		};
		CE3B9BB22397317D006C4BD7 /* Release */ = {
			isa = XCBuildConfiguration;
			baseConfigurationReference = 180B6BEE6728D3B1C762B29D /* Pods-DrinkWater.release.xcconfig */;
			buildSettings = {
				ALWAYS_EMBED_SWIFT_STANDARD_LIBRARIES = YES;
				ASSETCATALOG_COMPILER_APPICON_NAME = AppIcon;
				CODE_SIGN_ENTITLEMENTS = DrinkWater/DrinkWater.entitlements;
				CODE_SIGN_STYLE = Automatic;
				DEVELOPMENT_TEAM = 522V7NC84T;
				INFOPLIST_FILE = DrinkWater/Info.plist;
				IPHONEOS_DEPLOYMENT_TARGET = 14.5;
				LD_RUNPATH_SEARCH_PATHS = (
					"$(inherited)",
					"@executable_path/Frameworks",
				);
				PRODUCT_BUNDLE_IDENTIFIER = "Tatiana-Ampilogova.DrinkWater";
				PRODUCT_NAME = "$(TARGET_NAME)";
				SWIFT_VERSION = 5.0;
				TARGETED_DEVICE_FAMILY = 1;
			};
			name = Release;
		};
		CEA36E4026CB28CC00A31C95 /* Debug */ = {
			isa = XCBuildConfiguration;
			buildSettings = {
				ASSETCATALOG_COMPILER_GLOBAL_ACCENT_COLOR_NAME = AccentColor;
				ASSETCATALOG_COMPILER_WIDGET_BACKGROUND_COLOR_NAME = WidgetBackground;
				CODE_SIGN_ENTITLEMENTS = WidgetDrinkWaterExtension.entitlements;
				CODE_SIGN_STYLE = Automatic;
				DEVELOPMENT_TEAM = 522V7NC84T;
				INFOPLIST_FILE = WidgetDrinkWater/Info.plist;
				IPHONEOS_DEPLOYMENT_TARGET = 14.5;
				LD_RUNPATH_SEARCH_PATHS = (
					"$(inherited)",
					"@executable_path/Frameworks",
					"@executable_path/../../Frameworks",
				);
				PRODUCT_BUNDLE_IDENTIFIER = "Tatiana-Ampilogova.DrinkWater.WidgetDrinkWater";
				PRODUCT_NAME = "$(TARGET_NAME)";
				SKIP_INSTALL = YES;
				SWIFT_VERSION = 5.0;
				TARGETED_DEVICE_FAMILY = "1,2";
			};
			name = Debug;
		};
		CEA36E4126CB28CC00A31C95 /* Release */ = {
			isa = XCBuildConfiguration;
			buildSettings = {
				ASSETCATALOG_COMPILER_GLOBAL_ACCENT_COLOR_NAME = AccentColor;
				ASSETCATALOG_COMPILER_WIDGET_BACKGROUND_COLOR_NAME = WidgetBackground;
				CODE_SIGN_ENTITLEMENTS = WidgetDrinkWaterExtension.entitlements;
				CODE_SIGN_STYLE = Automatic;
				DEVELOPMENT_TEAM = 522V7NC84T;
				INFOPLIST_FILE = WidgetDrinkWater/Info.plist;
				IPHONEOS_DEPLOYMENT_TARGET = 14.5;
				LD_RUNPATH_SEARCH_PATHS = (
					"$(inherited)",
					"@executable_path/Frameworks",
					"@executable_path/../../Frameworks",
				);
				PRODUCT_BUNDLE_IDENTIFIER = "Tatiana-Ampilogova.DrinkWater.WidgetDrinkWater";
				PRODUCT_NAME = "$(TARGET_NAME)";
				SKIP_INSTALL = YES;
				SWIFT_VERSION = 5.0;
				TARGETED_DEVICE_FAMILY = "1,2";
			};
			name = Release;
		};
/* End XCBuildConfiguration section */

/* Begin XCConfigurationList section */
		CE3B9B9723973177006C4BD7 /* Build configuration list for PBXProject "DrinkWater" */ = {
			isa = XCConfigurationList;
			buildConfigurations = (
				CE3B9BAE2397317D006C4BD7 /* Debug */,
				CE3B9BAF2397317D006C4BD7 /* Release */,
			);
			defaultConfigurationIsVisible = 0;
			defaultConfigurationName = Release;
		};
		CE3B9BB02397317D006C4BD7 /* Build configuration list for PBXNativeTarget "DrinkWater" */ = {
			isa = XCConfigurationList;
			buildConfigurations = (
				CE3B9BB12397317D006C4BD7 /* Debug */,
				CE3B9BB22397317D006C4BD7 /* Release */,
			);
			defaultConfigurationIsVisible = 0;
			defaultConfigurationName = Release;
		};
		CEA36E3F26CB28CC00A31C95 /* Build configuration list for PBXNativeTarget "WidgetDrinkWaterExtension" */ = {
			isa = XCConfigurationList;
			buildConfigurations = (
				CEA36E4026CB28CC00A31C95 /* Debug */,
				CEA36E4126CB28CC00A31C95 /* Release */,
			);
			defaultConfigurationIsVisible = 0;
			defaultConfigurationName = Release;
		};
/* End XCConfigurationList section */
	};
	rootObject = CE3B9B9423973177006C4BD7 /* Project object */;
}
